
Microsoft Visual Studio Solution File, Format Version 12.00
# Visual Studio Version 16
Project("{2150E333-8FDC-42A3-9474-1A3956D46DE8}") = "CMake", "CMake", "{F0CDA76C-E102-3197-BE53-858AAFDF890E}"
EndProject
Project("{2150E333-8FDC-42A3-9474-1A3956D46DE8}") = "SFML", "SFML", "{FB8D67E0-209F-3B37-A0CA-1090B9C0C817}"
EndProject
Project("{8BC9CEB8-8B4A-11D0-8D11-00A0C91BC942}") = "ALL_BUILD", "ALL_BUILD.vcxproj", "{2078152C-5074-3B51-A3DB-1B4B642E14B7}"
	ProjectSection(ProjectDependencies) = postProject
		{AF51A955-6950-3989-AD2C-28B83F084486} = {AF51A955-6950-3989-AD2C-28B83F084486}
		{E8E849C8-1A74-347D-83D0-B151BA43C065} = {E8E849C8-1A74-347D-83D0-B151BA43C065}
		{B1424C7B-6965-387E-8DDA-1082E0C41248} = {B1424C7B-6965-387E-8DDA-1082E0C41248}
		{B1210A1A-8E91-3C93-889F-1F228EA46216} = {B1210A1A-8E91-3C93-889F-1F228EA46216}
		{BA796F1D-D7BC-35B0-8311-BC4718102B22} = {BA796F1D-D7BC-35B0-8311-BC4718102B22}
		{BB5604E6-F6E8-37BF-ADAE-AB47FF76C3DC} = {BB5604E6-F6E8-37BF-ADAE-AB47FF76C3DC}
		{5D30FCBF-30BC-394F-9467-C6E47718A2E3} = {5D30FCBF-30BC-394F-9467-C6E47718A2E3}
	EndProjectSection
EndProject
Project("{8BC9CEB8-8B4A-11D0-8D11-00A0C91BC942}") = "INSTALL", "INSTALL.vcxproj", "{6AA715FC-6F33-38B6-8865-78B662EB28E5}"
	ProjectSection(ProjectDependencies) = postProject
		{2078152C-5074-3B51-A3DB-1B4B642E14B7} = {2078152C-5074-3B51-A3DB-1B4B642E14B7}
		{AF51A955-6950-3989-AD2C-28B83F084486} = {AF51A955-6950-3989-AD2C-28B83F084486}
	EndProjectSection
EndProject
Project("{8BC9CEB8-8B4A-11D0-8D11-00A0C91BC942}") = "PACKAGE", "PACKAGE.vcxproj", "{A60331F9-CAD8-366B-BF08-BC03F33AF5B1}"
	ProjectSection(ProjectDependencies) = postProject
		{2078152C-5074-3B51-A3DB-1B4B642E14B7} = {2078152C-5074-3B51-A3DB-1B4B642E14B7}
		{AF51A955-6950-3989-AD2C-28B83F084486} = {AF51A955-6950-3989-AD2C-28B83F084486}
	EndProjectSection
EndProject
Project("{8BC9CEB8-8B4A-11D0-8D11-00A0C91BC942}") = "ZERO_CHECK", "ZERO_CHECK.vcxproj", "{AF51A955-6950-3989-AD2C-28B83F084486}"
	ProjectSection(ProjectDependencies) = postProject
	EndProjectSection
EndProject
Project("{8BC9CEB8-8B4A-11D0-8D11-00A0C91BC942}") = "sfml-audio", "src\SFML\Audio\sfml-audio.vcxproj", "{E8E849C8-1A74-347D-83D0-B151BA43C065}"
	ProjectSection(ProjectDependencies) = postProject
		{AF51A955-6950-3989-AD2C-28B83F084486} = {AF51A955-6950-3989-AD2C-28B83F084486}
		{BB5604E6-F6E8-37BF-ADAE-AB47FF76C3DC} = {BB5604E6-F6E8-37BF-ADAE-AB47FF76C3DC}
	EndProjectSection
EndProject
Project("{8BC9CEB8-8B4A-11D0-8D11-00A0C91BC942}") = "sfml-graphics", "src\SFML\Graphics\sfml-graphics.vcxproj", "{B1424C7B-6965-387E-8DDA-1082E0C41248}"
	ProjectSection(ProjectDependencies) = postProject
		{AF51A955-6950-3989-AD2C-28B83F084486} = {AF51A955-6950-3989-AD2C-28B83F084486}
		{BB5604E6-F6E8-37BF-ADAE-AB47FF76C3DC} = {BB5604E6-F6E8-37BF-ADAE-AB47FF76C3DC}
		{5D30FCBF-30BC-394F-9467-C6E47718A2E3} = {5D30FCBF-30BC-394F-9467-C6E47718A2E3}
	EndProjectSection
EndProject
Project("{8BC9CEB8-8B4A-11D0-8D11-00A0C91BC942}") = "sfml-main", "src\SFML\Main\sfml-main.vcxproj", "{B1210A1A-8E91-3C93-889F-1F228EA46216}"
	ProjectSection(ProjectDependencies) = postProject
		{AF51A955-6950-3989-AD2C-28B83F084486} = {AF51A955-6950-3989-AD2C-28B83F084486}
	EndProjectSection
EndProject
Project("{8BC9CEB8-8B4A-11D0-8D11-00A0C91BC942}") = "sfml-network", "src\SFML\Network\sfml-network.vcxproj", "{BA796F1D-D7BC-35B0-8311-BC4718102B22}"
	ProjectSection(ProjectDependencies) = postProject
		{AF51A955-6950-3989-AD2C-28B83F084486} = {AF51A955-6950-3989-AD2C-28B83F084486}
		{BB5604E6-F6E8-37BF-ADAE-AB47FF76C3DC} = {BB5604E6-F6E8-37BF-ADAE-AB47FF76C3DC}
	EndProjectSection
EndProject
Project("{8BC9CEB8-8B4A-11D0-8D11-00A0C91BC942}") = "sfml-system", "src\SFML\System\sfml-system.vcxproj", "{BB5604E6-F6E8-37BF-ADAE-AB47FF76C3DC}"
	ProjectSection(ProjectDependencies) = postProject
		{AF51A955-6950-3989-AD2C-28B83F084486} = {AF51A955-6950-3989-AD2C-28B83F084486}
	EndProjectSection
EndProject
Project("{8BC9CEB8-8B4A-11D0-8D11-00A0C91BC942}") = "sfml-window", "src\SFML\Window\sfml-window.vcxproj", "{5D30FCBF-30BC-394F-9467-C6E47718A2E3}"
	ProjectSection(ProjectDependencies) = postProject
		{AF51A955-6950-3989-AD2C-28B83F084486} = {AF51A955-6950-3989-AD2C-28B83F084486}
		{BB5604E6-F6E8-37BF-ADAE-AB47FF76C3DC} = {BB5604E6-F6E8-37BF-ADAE-AB47FF76C3DC}
	EndProjectSection
EndProject
Global
	GlobalSection(SolutionConfigurationPlatforms) = preSolution
		Debug|x64 = Debug|x64
		Release|x64 = Release|x64
		MinSizeRel|x64 = MinSizeRel|x64
		RelWithDebInfo|x64 = RelWithDebInfo|x64
	EndGlobalSection
	GlobalSection(ProjectConfigurationPlatforms) = postSolution
		{2078152C-5074-3B51-A3DB-1B4B642E14B7}.Debug|x64.ActiveCfg = Debug|x64
		{2078152C-5074-3B51-A3DB-1B4B642E14B7}.Debug|x64.Build.0 = Debug|x64
		{2078152C-5074-3B51-A3DB-1B4B642E14B7}.Release|x64.ActiveCfg = Release|x64
		{2078152C-5074-3B51-A3DB-1B4B642E14B7}.Release|x64.Build.0 = Release|x64
		{2078152C-5074-3B51-A3DB-1B4B642E14B7}.MinSizeRel|x64.ActiveCfg = MinSizeRel|x64
		{2078152C-5074-3B51-A3DB-1B4B642E14B7}.MinSizeRel|x64.Build.0 = MinSizeRel|x64
		{2078152C-5074-3B51-A3DB-1B4B642E14B7}.RelWithDebInfo|x64.ActiveCfg = RelWithDebInfo|x64
		{2078152C-5074-3B51-A3DB-1B4B642E14B7}.RelWithDebInfo|x64.Build.0 = RelWithDebInfo|x64
		{6AA715FC-6F33-38B6-8865-78B662EB28E5}.Debug|x64.ActiveCfg = Debug|x64
		{6AA715FC-6F33-38B6-8865-78B662EB28E5}.Release|x64.ActiveCfg = Release|x64
		{6AA715FC-6F33-38B6-8865-78B662EB28E5}.MinSizeRel|x64.ActiveCfg = MinSizeRel|x64
		{6AA715FC-6F33-38B6-8865-78B662EB28E5}.RelWithDebInfo|x64.ActiveCfg = RelWithDebInfo|x64
		{A60331F9-CAD8-366B-BF08-BC03F33AF5B1}.Debug|x64.ActiveCfg = Debug|x64
		{A60331F9-CAD8-366B-BF08-BC03F33AF5B1}.Release|x64.ActiveCfg = Release|x64
		{A60331F9-CAD8-366B-BF08-BC03F33AF5B1}.MinSizeRel|x64.ActiveCfg = MinSizeRel|x64
		{A60331F9-CAD8-366B-BF08-BC03F33AF5B1}.RelWithDebInfo|x64.ActiveCfg = RelWithDebInfo|x64
		{AF51A955-6950-3989-AD2C-28B83F084486}.Debug|x64.ActiveCfg = Debug|x64
		{AF51A955-6950-3989-AD2C-28B83F084486}.Debug|x64.Build.0 = Debug|x64
		{AF51A955-6950-3989-AD2C-28B83F084486}.Release|x64.ActiveCfg = Release|x64
		{AF51A955-6950-3989-AD2C-28B83F084486}.Release|x64.Build.0 = Release|x64
		{AF51A955-6950-3989-AD2C-28B83F084486}.MinSizeRel|x64.ActiveCfg = MinSizeRel|x64
		{AF51A955-6950-3989-AD2C-28B83F084486}.MinSizeRel|x64.Build.0 = MinSizeRel|x64
		{AF51A955-6950-3989-AD2C-28B83F084486}.RelWithDebInfo|x64.ActiveCfg = RelWithDebInfo|x64
		{AF51A955-6950-3989-AD2C-28B83F084486}.RelWithDebInfo|x64.Build.0 = RelWithDebInfo|x64
		{E8E849C8-1A74-347D-83D0-B151BA43C065}.Debug|x64.ActiveCfg = Debug|x64
		{E8E849C8-1A74-347D-83D0-B151BA43C065}.Debug|x64.Build.0 = Debug|x64
		{E8E849C8-1A74-347D-83D0-B151BA43C065}.Release|x64.ActiveCfg = Release|x64
		{E8E849C8-1A74-347D-83D0-B151BA43C065}.Release|x64.Build.0 = Release|x64
		{E8E849C8-1A74-347D-83D0-B151BA43C065}.MinSizeRel|x64.ActiveCfg = MinSizeRel|x64
		{E8E849C8-1A74-347D-83D0-B151BA43C065}.MinSizeRel|x64.Build.0 = MinSizeRel|x64
		{E8E849C8-1A74-347D-83D0-B151BA43C065}.RelWithDebInfo|x64.ActiveCfg = RelWithDebInfo|x64
		{E8E849C8-1A74-347D-83D0-B151BA43C065}.RelWithDebInfo|x64.Build.0 = RelWithDebInfo|x64
		{B1424C7B-6965-387E-8DDA-1082E0C41248}.Debug|x64.ActiveCfg = Debug|x64
		{B1424C7B-6965-387E-8DDA-1082E0C41248}.Debug|x64.Build.0 = Debug|x64
		{B1424C7B-6965-387E-8DDA-1082E0C41248}.Release|x64.ActiveCfg = Release|x64
		{B1424C7B-6965-387E-8DDA-1082E0C41248}.Release|x64.Build.0 = Release|x64
		{B1424C7B-6965-387E-8DDA-1082E0C41248}.MinSizeRel|x64.ActiveCfg = MinSizeRel|x64
		{B1424C7B-6965-387E-8DDA-1082E0C41248}.MinSizeRel|x64.Build.0 = MinSizeRel|x64
		{B1424C7B-6965-387E-8DDA-1082E0C41248}.RelWithDebInfo|x64.ActiveCfg = RelWithDebInfo|x64
		{B1424C7B-6965-387E-8DDA-1082E0C41248}.RelWithDebInfo|x64.Build.0 = RelWithDebInfo|x64
		{B1210A1A-8E91-3C93-889F-1F228EA46216}.Debug|x64.ActiveCfg = Debug|x64
		{B1210A1A-8E91-3C93-889F-1F228EA46216}.Debug|x64.Build.0 = Debug|x64
		{B1210A1A-8E91-3C93-889F-1F228EA46216}.Release|x64.ActiveCfg = Release|x64
		{B1210A1A-8E91-3C93-889F-1F228EA46216}.Release|x64.Build.0 = Release|x64
		{B1210A1A-8E91-3C93-889F-1F228EA46216}.MinSizeRel|x64.ActiveCfg = MinSizeRel|x64
		{B1210A1A-8E91-3C93-889F-1F228EA46216}.MinSizeRel|x64.Build.0 = MinSizeRel|x64
		{B1210A1A-8E91-3C93-889F-1F228EA46216}.RelWithDebInfo|x64.ActiveCfg = RelWithDebInfo|x64
		{B1210A1A-8E91-3C93-889F-1F228EA46216}.RelWithDebInfo|x64.Build.0 = RelWithDebInfo|x64
		{BA796F1D-D7BC-35B0-8311-BC4718102B22}.Debug|x64.ActiveCfg = Debug|x64
		{BA796F1D-D7BC-35B0-8311-BC4718102B22}.Debug|x64.Build.0 = Debug|x64
		{BA796F1D-D7BC-35B0-8311-BC4718102B22}.Release|x64.ActiveCfg = Release|x64
		{BA796F1D-D7BC-35B0-8311-BC4718102B22}.Release|x64.Build.0 = Release|x64
		{BA796F1D-D7BC-35B0-8311-BC4718102B22}.MinSizeRel|x64.ActiveCfg = MinSizeRel|x64
		{BA796F1D-D7BC-35B0-8311-BC4718102B22}.MinSizeRel|x64.Build.0 = MinSizeRel|x64
		{BA796F1D-D7BC-35B0-8311-BC4718102B22}.RelWithDebInfo|x64.ActiveCfg = RelWithDebInfo|x64
		{BA796F1D-D7BC-35B0-8311-BC4718102B22}.RelWithDebInfo|x64.Build.0 = RelWithDebInfo|x64
		{BB5604E6-F6E8-37BF-ADAE-AB47FF76C3DC}.Debug|x64.ActiveCfg = Debug|x64
		{BB5604E6-F6E8-37BF-ADAE-AB47FF76C3DC}.Debug|x64.Build.0 = Debug|x64
		{BB5604E6-F6E8-37BF-ADAE-AB47FF76C3DC}.Release|x64.ActiveCfg = Release|x64
		{BB5604E6-F6E8-37BF-ADAE-AB47FF76C3DC}.Release|x64.Build.0 = Release|x64
		{BB5604E6-F6E8-37BF-ADAE-AB47FF76C3DC}.MinSizeRel|x64.ActiveCfg = MinSizeRel|x64
		{BB5604E6-F6E8-37BF-ADAE-AB47FF76C3DC}.MinSizeRel|x64.Build.0 = MinSizeRel|x64
		{BB5604E6-F6E8-37BF-ADAE-AB47FF76C3DC}.RelWithDebInfo|x64.ActiveCfg = RelWithDebInfo|x64
		{BB5604E6-F6E8-37BF-ADAE-AB47FF76C3DC}.RelWithDebInfo|x64.Build.0 = RelWithDebInfo|x64
		{5D30FCBF-30BC-394F-9467-C6E47718A2E3}.Debug|x64.ActiveCfg = Debug|x64
		{5D30FCBF-30BC-394F-9467-C6E47718A2E3}.Debug|x64.Build.0 = Debug|x64
		{5D30FCBF-30BC-394F-9467-C6E47718A2E3}.Release|x64.ActiveCfg = Release|x64
		{5D30FCBF-30BC-394F-9467-C6E47718A2E3}.Release|x64.Build.0 = Release|x64
		{5D30FCBF-30BC-394F-9467-C6E47718A2E3}.MinSizeRel|x64.ActiveCfg = MinSizeRel|x64
		{5D30FCBF-30BC-394F-9467-C6E47718A2E3}.MinSizeRel|x64.Build.0 = MinSizeRel|x64
		{5D30FCBF-30BC-394F-9467-C6E47718A2E3}.RelWithDebInfo|x64.ActiveCfg = RelWithDebInfo|x64
		{5D30FCBF-30BC-394F-9467-C6E47718A2E3}.RelWithDebInfo|x64.Build.0 = RelWithDebInfo|x64
	EndGlobalSection
	GlobalSection(NestedProjects) = preSolution
		{2078152C-5074-3B51-A3DB-1B4B642E14B7} = {F0CDA76C-E102-3197-BE53-858AAFDF890E}
		{6AA715FC-6F33-38B6-8865-78B662EB28E5} = {F0CDA76C-E102-3197-BE53-858AAFDF890E}
		{A60331F9-CAD8-366B-BF08-BC03F33AF5B1} = {F0CDA76C-E102-3197-BE53-858AAFDF890E}
		{AF51A955-6950-3989-AD2C-28B83F084486} = {F0CDA76C-E102-3197-BE53-858AAFDF890E}
		{E8E849C8-1A74-347D-83D0-B151BA43C065} = {FB8D67E0-209F-3B37-A0CA-1090B9C0C817}
		{B1424C7B-6965-387E-8DDA-1082E0C41248} = {FB8D67E0-209F-3B37-A0CA-1090B9C0C817}
		{B1210A1A-8E91-3C93-889F-1F228EA46216} = {FB8D67E0-209F-3B37-A0CA-1090B9C0C817}
		{BA796F1D-D7BC-35B0-8311-BC4718102B22} = {FB8D67E0-209F-3B37-A0CA-1090B9C0C817}
		{BB5604E6-F6E8-37BF-ADAE-AB47FF76C3DC} = {FB8D67E0-209F-3B37-A0CA-1090B9C0C817}
		{5D30FCBF-30BC-394F-9467-C6E47718A2E3} = {FB8D67E0-209F-3B37-A0CA-1090B9C0C817}
	EndGlobalSection
	GlobalSection(ExtensibilityGlobals) = postSolution
		SolutionGuid = {3AFC0353-1B6E-3B46-A721-F0BD5B3F7D55}
	EndGlobalSection
	GlobalSection(ExtensibilityAddIns) = postSolution
	EndGlobalSection
EndGlobal
